
Microsoft Visual Studio Solution File, Format Version 12.00
# Visual Studio Version 16
VisualStudioVersion = 16.0.29709.97
MinimumVisualStudioVersion = 10.0.40219.1
Project("{FAE04EC0-301F-11D3-BF4B-00C04F79EFBC}") = "BitwardenToChromePasswordConverter", "BitwardenToChromePasswordConverter.csproj", "{F0E36BC8-A6B1-4581-A0CD-BE0F1098F5A2}"
EndProject
Global
	GlobalSection(SolutionConfigurationPlatforms) = preSolution
		Debug|Any CPU = Debug|Any CPU
		Release|Any CPU = Release|Any CPU
	EndGlobalSection
	GlobalSection(ProjectConfigurationPlatforms) = postSolution
		{F0E36BC8-A6B1-4581-A0CD-BE0F1098F5A2}.Debug|Any CPU.ActiveCfg = Debug|Any CPU
		{F0E36BC8-A6B1-4581-A0CD-BE0F1098F5A2}.Debug|Any CPU.Build.0 = Debug|Any CPU
		{F0E36BC8-A6B1-4581-A0CD-BE0F1098F5A2}.Release|Any CPU.ActiveCfg = Release|Any CPU
		{F0E36BC8-A6B1-4581-A0CD-BE0F1098F5A2}.Release|Any CPU.Build.0 = Release|Any CPU
	EndGlobalSection
	GlobalSection(SolutionProperties) = preSolution
		HideSolutionNode = FALSE
	EndGlobalSection
	GlobalSection(ExtensibilityGlobals) = postSolution
		SolutionGuid = {9F48A5DE-A5F6-415D-9B6A-7166E0F1A6BC}
	EndGlobalSection
EndGlobal
